
Microsoft Visual Studio Solution File, Format Version 12.00
# Visual Studio Version 17
VisualStudioVersion = 17.0.31903.59
MinimumVisualStudioVersion = 10.0.40219.1
Project("{FAE04EC0-301F-11D3-BF4B-00C04F79EFBC}") = "Server", "Server\Server.csproj", "{30F75801-6132-4840-9452-1BC4D75C9951}"
EndProject
Project("{FAE04EC0-301F-11D3-BF4B-00C04F79EFBC}") = "Protocol", "Protocol\Protocol.csproj", "{97A3DFBA-18A8-4DFF-8430-42EFD63B8E70}"
EndProject
Project("{FAE04EC0-301F-11D3-BF4B-00C04F79EFBC}") = "ConsoleClient", "ConsoleClient\ConsoleClient.csproj", "{7374D41D-C075-4233-A2C8-C918E498F447}"
EndProject
Global
	GlobalSection(SolutionConfigurationPlatforms) = preSolution
		Debug|Any CPU = Debug|Any CPU
		Debug|x64 = Debug|x64
		Debug|x86 = Debug|x86
		Release|Any CPU = Release|Any CPU
		Release|x64 = Release|x64
		Release|x86 = Release|x86
	EndGlobalSection
	GlobalSection(ProjectConfigurationPlatforms) = postSolution
		{30F75801-6132-4840-9452-1BC4D75C9951}.Debug|Any CPU.ActiveCfg = Debug|Any CPU
		{30F75801-6132-4840-9452-1BC4D75C9951}.Debug|Any CPU.Build.0 = Debug|Any CPU
		{30F75801-6132-4840-9452-1BC4D75C9951}.Debug|x64.ActiveCfg = Debug|Any CPU
		{30F75801-6132-4840-9452-1BC4D75C9951}.Debug|x64.Build.0 = Debug|Any CPU
		{30F75801-6132-4840-9452-1BC4D75C9951}.Debug|x86.ActiveCfg = Debug|Any CPU
		{30F75801-6132-4840-9452-1BC4D75C9951}.Debug|x86.Build.0 = Debug|Any CPU
		{30F75801-6132-4840-9452-1BC4D75C9951}.Release|Any CPU.ActiveCfg = Release|Any CPU
		{30F75801-6132-4840-9452-1BC4D75C9951}.Release|Any CPU.Build.0 = Release|Any CPU
		{30F75801-6132-4840-9452-1BC4D75C9951}.Release|x64.ActiveCfg = Release|Any CPU
		{30F75801-6132-4840-9452-1BC4D75C9951}.Release|x64.Build.0 = Release|Any CPU
		{30F75801-6132-4840-9452-1BC4D75C9951}.Release|x86.ActiveCfg = Release|Any CPU
		{30F75801-6132-4840-9452-1BC4D75C9951}.Release|x86.Build.0 = Release|Any CPU
		{97A3DFBA-18A8-4DFF-8430-42EFD63B8E70}.Debug|Any CPU.ActiveCfg = Debug|Any CPU
		{97A3DFBA-18A8-4DFF-8430-42EFD63B8E70}.Debug|Any CPU.Build.0 = Debug|Any CPU
		{97A3DFBA-18A8-4DFF-8430-42EFD63B8E70}.Debug|x64.ActiveCfg = Debug|Any CPU
		{97A3DFBA-18A8-4DFF-8430-42EFD63B8E70}.Debug|x64.Build.0 = Debug|Any CPU
		{97A3DFBA-18A8-4DFF-8430-42EFD63B8E70}.Debug|x86.ActiveCfg = Debug|Any CPU
		{97A3DFBA-18A8-4DFF-8430-42EFD63B8E70}.Debug|x86.Build.0 = Debug|Any CPU
		{97A3DFBA-18A8-4DFF-8430-42EFD63B8E70}.Release|Any CPU.ActiveCfg = Release|Any CPU
		{97A3DFBA-18A8-4DFF-8430-42EFD63B8E70}.Release|Any CPU.Build.0 = Release|Any CPU
		{97A3DFBA-18A8-4DFF-8430-42EFD63B8E70}.Release|x64.ActiveCfg = Release|Any CPU
		{97A3DFBA-18A8-4DFF-8430-42EFD63B8E70}.Release|x64.Build.0 = Release|Any CPU
		{97A3DFBA-18A8-4DFF-8430-42EFD63B8E70}.Release|x86.ActiveCfg = Release|Any CPU
		{97A3DFBA-18A8-4DFF-8430-42EFD63B8E70}.Release|x86.Build.0 = Release|Any CPU
		{7374D41D-C075-4233-A2C8-C918E498F447}.Debug|Any CPU.ActiveCfg = Debug|Any CPU
		{7374D41D-C075-4233-A2C8-C918E498F447}.Debug|Any CPU.Build.0 = Debug|Any CPU
		{7374D41D-C075-4233-A2C8-C918E498F447}.Debug|x64.ActiveCfg = Debug|Any CPU
		{7374D41D-C075-4233-A2C8-C918E498F447}.Debug|x64.Build.0 = Debug|Any CPU
		{7374D41D-C075-4233-A2C8-C918E498F447}.Debug|x86.ActiveCfg = Debug|Any CPU
		{7374D41D-C075-4233-A2C8-C918E498F447}.Debug|x86.Build.0 = Debug|Any CPU
		{7374D41D-C075-4233-A2C8-C918E498F447}.Release|Any CPU.ActiveCfg = Release|Any CPU
		{7374D41D-C075-4233-A2C8-C918E498F447}.Release|Any CPU.Build.0 = Release|Any CPU
		{7374D41D-C075-4233-A2C8-C918E498F447}.Release|x64.ActiveCfg = Release|Any CPU
		{7374D41D-C075-4233-A2C8-C918E498F447}.Release|x64.Build.0 = Release|Any CPU
		{7374D41D-C075-4233-A2C8-C918E498F447}.Release|x86.ActiveCfg = Release|Any CPU
		{7374D41D-C075-4233-A2C8-C918E498F447}.Release|x86.Build.0 = Release|Any CPU
	EndGlobalSection
	GlobalSection(SolutionProperties) = preSolution
		HideSolutionNode = FALSE
	EndGlobalSection
EndGlobal
